// !$*UTF8*$!
{
	archiveVersion = 1;
	classes = {
	};
	objectVersion = 55;
	objects = {

/* Begin PBXBuildFile section */
		76A6D42E28073649007DFEF7 /* AppDelegate.swift in Sources */ = {isa = PBXBuildFile; fileRef = 76A6D42D28073649007DFEF7 /* AppDelegate.swift */; };
		76A6D43028073649007DFEF7 /* SceneDelegate.swift in Sources */ = {isa = PBXBuildFile; fileRef = 76A6D42F28073649007DFEF7 /* SceneDelegate.swift */; };
		76A6D43228073649007DFEF7 /* ViewController.swift in Sources */ = {isa = PBXBuildFile; fileRef = 76A6D43128073649007DFEF7 /* ViewController.swift */; };
		76A6D43528073649007DFEF7 /* Main.storyboard in Resources */ = {isa = PBXBuildFile; fileRef = 76A6D43328073649007DFEF7 /* Main.storyboard */; };
		76A6D4372807364B007DFEF7 /* Assets.xcassets in Resources */ = {isa = PBXBuildFile; fileRef = 76A6D4362807364B007DFEF7 /* Assets.xcassets */; };
		76A6D43A2807364B007DFEF7 /* LaunchScreen.storyboard in Resources */ = {isa = PBXBuildFile; fileRef = 76A6D4382807364B007DFEF7 /* LaunchScreen.storyboard */; };
		76A6D442280762DA007DFEF7 /* Animation.swift in Sources */ = {isa = PBXBuildFile; fileRef = 76A6D441280762DA007DFEF7 /* Animation.swift */; };
		76A6D4442807642C007DFEF7 /* DataManager.swift in Sources */ = {isa = PBXBuildFile; fileRef = 76A6D4432807642C007DFEF7 /* DataManager.swift */; };
		A74F017185E2D5C917D6456B /* Pods_AnimateHomeWorc.framework in Frameworks */ = {isa = PBXBuildFile; fileRef = BE2FBA51C8E554FA98176015 /* Pods_AnimateHomeWorc.framework */; };
/* End PBXBuildFile section */

/* Begin PBXFileReference section */
		0D06DF2773FCA11D87FC7B75 /* Pods-AnimateHomeWorc.debug.xcconfig */ = {isa = PBXFileReference; includeInIndex = 1; lastKnownFileType = text.xcconfig; name = "Pods-AnimateHomeWorc.debug.xcconfig"; path = "Target Support Files/Pods-AnimateHomeWorc/Pods-AnimateHomeWorc.debug.xcconfig"; sourceTree = "<group>"; };
		76A6D42A28073649007DFEF7 /* AnimateHomeWorc.app */ = {isa = PBXFileReference; explicitFileType = wrapper.application; includeInIndex = 0; path = AnimateHomeWorc.app; sourceTree = BUILT_PRODUCTS_DIR; };
		76A6D42D28073649007DFEF7 /* AppDelegate.swift */ = {isa = PBXFileReference; lastKnownFileType = sourcecode.swift; path = AppDelegate.swift; sourceTree = "<group>"; };
		76A6D42F28073649007DFEF7 /* SceneDelegate.swift */ = {isa = PBXFileReference; lastKnownFileType = sourcecode.swift; path = SceneDelegate.swift; sourceTree = "<group>"; };
		76A6D43128073649007DFEF7 /* ViewController.swift */ = {isa = PBXFileReference; lastKnownFileType = sourcecode.swift; path = ViewController.swift; sourceTree = "<group>"; };
		76A6D43428073649007DFEF7 /* Base */ = {isa = PBXFileReference; lastKnownFileType = file.storyboard; name = Base; path = Base.lproj/Main.storyboard; sourceTree = "<group>"; };
		76A6D4362807364B007DFEF7 /* Assets.xcassets */ = {isa = PBXFileReference; lastKnownFileType = folder.assetcatalog; path = Assets.xcassets; sourceTree = "<group>"; };
		76A6D4392807364B007DFEF7 /* Base */ = {isa = PBXFileReference; lastKnownFileType = file.storyboard; name = Base; path = Base.lproj/LaunchScreen.storyboard; sourceTree = "<group>"; };
		76A6D43B2807364B007DFEF7 /* Info.plist */ = {isa = PBXFileReference; lastKnownFileType = text.plist.xml; path = Info.plist; sourceTree = "<group>"; };
		76A6D441280762DA007DFEF7 /* Animation.swift */ = {isa = PBXFileReference; lastKnownFileType = sourcecode.swift; path = Animation.swift; sourceTree = "<group>"; };
		76A6D4432807642C007DFEF7 /* DataManager.swift */ = {isa = PBXFileReference; lastKnownFileType = sourcecode.swift; path = DataManager.swift; sourceTree = "<group>"; };
		BE2FBA51C8E554FA98176015 /* Pods_AnimateHomeWorc.framework */ = {isa = PBXFileReference; explicitFileType = wrapper.framework; includeInIndex = 0; path = Pods_AnimateHomeWorc.framework; sourceTree = BUILT_PRODUCTS_DIR; };
		F55C603FC7DBE7A725A4F6C5 /* Pods-AnimateHomeWorc.release.xcconfig */ = {isa = PBXFileReference; includeInIndex = 1; lastKnownFileType = text.xcconfig; name = "Pods-AnimateHomeWorc.release.xcconfig"; path = "Target Support Files/Pods-AnimateHomeWorc/Pods-AnimateHomeWorc.release.xcconfig"; sourceTree = "<group>"; };
/* End PBXFileReference section */

/* Begin PBXFrameworksBuildPhase section */
		76A6D42728073649007DFEF7 /* Frameworks */ = {
			isa = PBXFrameworksBuildPhase;
			buildActionMask = 2147483647;
			files = (
				A74F017185E2D5C917D6456B /* Pods_AnimateHomeWorc.framework in Frameworks */,
			);
			runOnlyForDeploymentPostprocessing = 0;
		};
/* End PBXFrameworksBuildPhase section */

/* Begin PBXGroup section */
		09249BCCF898E56057FB8514 /* Frameworks */ = {
			isa = PBXGroup;
			children = (
				BE2FBA51C8E554FA98176015 /* Pods_AnimateHomeWorc.framework */,
			);
			name = Frameworks;
			sourceTree = "<group>";
		};
		3214CE1CCD92209A60A147B3 /* Pods */ = {
			isa = PBXGroup;
			children = (
				0D06DF2773FCA11D87FC7B75 /* Pods-AnimateHomeWorc.debug.xcconfig */,
				F55C603FC7DBE7A725A4F6C5 /* Pods-AnimateHomeWorc.release.xcconfig */,
			);
			path = Pods;
			sourceTree = "<group>";
		};
		76A6D42128073649007DFEF7 = {
			isa = PBXGroup;
			children = (
				76A6D42C28073649007DFEF7 /* AnimateHomeWorc */,
				76A6D42B28073649007DFEF7 /* Products */,
				3214CE1CCD92209A60A147B3 /* Pods */,
				09249BCCF898E56057FB8514 /* Frameworks */,
			);
			sourceTree = "<group>";
		};
		76A6D42B28073649007DFEF7 /* Products */ = {
			isa = PBXGroup;
			children = (
				76A6D42A28073649007DFEF7 /* AnimateHomeWorc.app */,
			);
			name = Products;
			sourceTree = "<group>";
		};
		76A6D42C28073649007DFEF7 /* AnimateHomeWorc */ = {
			isa = PBXGroup;
			children = (
				76A6D4482808049F007DFEF7 /* App */,
				76A6D44528080464007DFEF7 /* View */,
				76A6D44628080478007DFEF7 /* Model */,
				76A6D44728080482007DFEF7 /* Data */,
				76A6D449280804AD007DFEF7 /* Storybord */,
				76A6D44A280804CC007DFEF7 /* Assets */,
			);
			path = AnimateHomeWorc;
			sourceTree = "<group>";
		};
		76A6D44528080464007DFEF7 /* View */ = {
			isa = PBXGroup;
			children = (
				76A6D43128073649007DFEF7 /* ViewController.swift */,
			);
			path = View;
			sourceTree = "<group>";
		};
		76A6D44628080478007DFEF7 /* Model */ = {
			isa = PBXGroup;
			children = (
				76A6D441280762DA007DFEF7 /* Animation.swift */,
			);
			path = Model;
			sourceTree = "<group>";
		};
		76A6D44728080482007DFEF7 /* Data */ = {
			isa = PBXGroup;
			children = (
				76A6D4432807642C007DFEF7 /* DataManager.swift */,
			);
			path = Data;
			sourceTree = "<group>";
		};
		76A6D4482808049F007DFEF7 /* App */ = {
			isa = PBXGroup;
			children = (
				76A6D42D28073649007DFEF7 /* AppDelegate.swift */,
				76A6D42F28073649007DFEF7 /* SceneDelegate.swift */,
				76A6D43B2807364B007DFEF7 /* Info.plist */,
			);
			path = App;
			sourceTree = "<group>";
		};
		76A6D449280804AD007DFEF7 /* Storybord */ = {
			isa = PBXGroup;
			children = (
				76A6D4382807364B007DFEF7 /* LaunchScreen.storyboard */,
				76A6D43328073649007DFEF7 /* Main.storyboard */,
			);
			path = Storybord;
			sourceTree = "<group>";
		};
		76A6D44A280804CC007DFEF7 /* Assets */ = {
			isa = PBXGroup;
			children = (
				76A6D4362807364B007DFEF7 /* Assets.xcassets */,
			);
			path = Assets;
			sourceTree = "<group>";
		};
/* End PBXGroup section */

/* Begin PBXNativeTarget section */
		76A6D42928073649007DFEF7 /* AnimateHomeWorc */ = {
			isa = PBXNativeTarget;
			buildConfigurationList = 76A6D43E2807364B007DFEF7 /* Build configuration list for PBXNativeTarget "AnimateHomeWorc" */;
			buildPhases = (
				EA14C1378438D026EAF91451 /* [CP] Check Pods Manifest.lock */,
				76A6D42628073649007DFEF7 /* Sources */,
				76A6D42728073649007DFEF7 /* Frameworks */,
				76A6D42828073649007DFEF7 /* Resources */,
				F70DA1243DCBC70F2030F505 /* [CP] Embed Pods Frameworks */,
			);
			buildRules = (
			);
			dependencies = (
			);
			name = AnimateHomeWorc;
			productName = AnimateHomeWorc;
			productReference = 76A6D42A28073649007DFEF7 /* AnimateHomeWorc.app */;
			productType = "com.apple.product-type.application";
		};
/* End PBXNativeTarget section */

/* Begin PBXProject section */
		76A6D42228073649007DFEF7 /* Project object */ = {
			isa = PBXProject;
			attributes = {
				BuildIndependentTargetsInParallel = 1;
				LastSwiftUpdateCheck = 1330;
				LastUpgradeCheck = 1330;
				TargetAttributes = {
					76A6D42928073649007DFEF7 = {
						CreatedOnToolsVersion = 13.3;
					};
				};
			};
			buildConfigurationList = 76A6D42528073649007DFEF7 /* Build configuration list for PBXProject "AnimateHomeWorc" */;
			compatibilityVersion = "Xcode 13.0";
			developmentRegion = en;
			hasScannedForEncodings = 0;
			knownRegions = (
				en,
				Base,
			);
			mainGroup = 76A6D42128073649007DFEF7;
			productRefGroup = 76A6D42B28073649007DFEF7 /* Products */;
			projectDirPath = "";
			projectRoot = "";
			targets = (
				76A6D42928073649007DFEF7 /* AnimateHomeWorc */,
			);
		};
/* End PBXProject section */

/* Begin PBXResourcesBuildPhase section */
		76A6D42828073649007DFEF7 /* Resources */ = {
			isa = PBXResourcesBuildPhase;
			buildActionMask = 2147483647;
			files = (
				76A6D43A2807364B007DFEF7 /* LaunchScreen.storyboard in Resources */,
				76A6D4372807364B007DFEF7 /* Assets.xcassets in Resources */,
				76A6D43528073649007DFEF7 /* Main.storyboard in Resources */,
			);
			runOnlyForDeploymentPostprocessing = 0;
		};
/* End PBXResourcesBuildPhase section */

/* Begin PBXShellScriptBuildPhase section */
		EA14C1378438D026EAF91451 /* [CP] Check Pods Manifest.lock */ = {
			isa = PBXShellScriptBuildPhase;
			buildActionMask = 2147483647;
			files = (
			);
			inputFileListPaths = (
			);
			inputPaths = (
				"${PODS_PODFILE_DIR_PATH}/Podfile.lock",
				"${PODS_ROOT}/Manifest.lock",
			);
			name = "[CP] Check Pods Manifest.lock";
			outputFileListPaths = (
			);
			outputPaths = (
				"$(DERIVED_FILE_DIR)/Pods-AnimateHomeWorc-checkManifestLockResult.txt",
			);
			runOnlyForDeploymentPostprocessing = 0;
			shellPath = /bin/sh;
			shellScript = "diff \"${PODS_PODFILE_DIR_PATH}/Podfile.lock\" \"${PODS_ROOT}/Manifest.lock\" > /dev/null\nif [ $? != 0 ] ; then\n    # print error to STDERR\n    echo \"error: The sandbox is not in sync with the Podfile.lock. Run 'pod install' or update your CocoaPods installation.\" >&2\n    exit 1\nfi\n# This output is used by Xcode 'outputs' to avoid re-running this script phase.\necho \"SUCCESS\" > \"${SCRIPT_OUTPUT_FILE_0}\"\n";
			showEnvVarsInLog = 0;
		};
		F70DA1243DCBC70F2030F505 /* [CP] Embed Pods Frameworks */ = {
			isa = PBXShellScriptBuildPhase;
			buildActionMask = 2147483647;
			files = (
			);
			inputFileListPaths = (
				"${PODS_ROOT}/Target Support Files/Pods-AnimateHomeWorc/Pods-AnimateHomeWorc-frameworks-${CONFIGURATION}-input-files.xcfilelist",
			);
			name = "[CP] Embed Pods Frameworks";
			outputFileListPaths = (
				"${PODS_ROOT}/Target Support Files/Pods-AnimateHomeWorc/Pods-AnimateHomeWorc-frameworks-${CONFIGURATION}-output-files.xcfilelist",
			);
			runOnlyForDeploymentPostprocessing = 0;
			shellPath = /bin/sh;
			shellScript = "\"${PODS_ROOT}/Target Support Files/Pods-AnimateHomeWorc/Pods-AnimateHomeWorc-frameworks.sh\"\n";
			showEnvVarsInLog = 0;
		};
/* End PBXShellScriptBuildPhase section */

/* Begin PBXSourcesBuildPhase section */
		76A6D42628073649007DFEF7 /* Sources */ = {
			isa = PBXSourcesBuildPhase;
			buildActionMask = 2147483647;
			files = (
				76A6D43228073649007DFEF7 /* ViewController.swift in Sources */,
				76A6D4442807642C007DFEF7 /* DataManager.swift in Sources */,
				76A6D42E28073649007DFEF7 /* AppDelegate.swift in Sources */,
				76A6D442280762DA007DFEF7 /* Animation.swift in Sources */,
				76A6D43028073649007DFEF7 /* SceneDelegate.swift in Sources */,
			);
			runOnlyForDeploymentPostprocessing = 0;
		};
/* End PBXSourcesBuildPhase section */

/* Begin PBXVariantGroup section */
		76A6D43328073649007DFEF7 /* Main.storyboard */ = {
			isa = PBXVariantGroup;
			children = (
				76A6D43428073649007DFEF7 /* Base */,
			);
			name = Main.storyboard;
			sourceTree = "<group>";
		};
		76A6D4382807364B007DFEF7 /* LaunchScreen.storyboard */ = {
			isa = PBXVariantGroup;
			children = (
				76A6D4392807364B007DFEF7 /* Base */,
			);
			name = LaunchScreen.storyboard;
			sourceTree = "<group>";
		};
/* End PBXVariantGroup section */

/* Begin XCBuildConfiguration section */
		76A6D43C2807364B007DFEF7 /* Debug */ = {
			isa = XCBuildConfiguration;
			buildSettings = {
				ALWAYS_SEARCH_USER_PATHS = NO;
				CLANG_ANALYZER_NONNULL = YES;
				CLANG_ANALYZER_NUMBER_OBJECT_CONVERSION = YES_AGGRESSIVE;
				CLANG_CXX_LANGUAGE_STANDARD = "gnu++17";
				CLANG_ENABLE_MODULES = YES;
				CLANG_ENABLE_OBJC_ARC = YES;
				CLANG_ENABLE_OBJC_WEAK = YES;
				CLANG_WARN_BLOCK_CAPTURE_AUTORELEASING = YES;
				CLANG_WARN_BOOL_CONVERSION = YES;
				CLANG_WARN_COMMA = YES;
				CLANG_WARN_CONSTANT_CONVERSION = YES;
				CLANG_WARN_DEPRECATED_OBJC_IMPLEMENTATIONS = YES;
				CLANG_WARN_DIRECT_OBJC_ISA_USAGE = YES_ERROR;
				CLANG_WARN_DOCUMENTATION_COMMENTS = YES;
				CLANG_WARN_EMPTY_BODY = YES;
				CLANG_WARN_ENUM_CONVERSION = YES;
				CLANG_WARN_INFINITE_RECURSION = YES;
				CLANG_WARN_INT_CONVERSION = YES;
				CLANG_WARN_NON_LITERAL_NULL_CONVERSION = YES;
				CLANG_WARN_OBJC_IMPLICIT_RETAIN_SELF = YES;
				CLANG_WARN_OBJC_LITERAL_CONVERSION = YES;
				CLANG_WARN_OBJC_ROOT_CLASS = YES_ERROR;
				CLANG_WARN_QUOTED_INCLUDE_IN_FRAMEWORK_HEADER = YES;
				CLANG_WARN_RANGE_LOOP_ANALYSIS = YES;
				CLANG_WARN_STRICT_PROTOTYPES = YES;
				CLANG_WARN_SUSPICIOUS_MOVE = YES;
				CLANG_WARN_UNGUARDED_AVAILABILITY = YES_AGGRESSIVE;
				CLANG_WARN_UNREACHABLE_CODE = YES;
				CLANG_WARN__DUPLICATE_METHOD_MATCH = YES;
				COPY_PHASE_STRIP = NO;
				DEBUG_INFORMATION_FORMAT = dwarf;
				ENABLE_STRICT_OBJC_MSGSEND = YES;
				ENABLE_TESTABILITY = YES;
				GCC_C_LANGUAGE_STANDARD = gnu11;
				GCC_DYNAMIC_NO_PIC = NO;
				GCC_NO_COMMON_BLOCKS = YES;
				GCC_OPTIMIZATION_LEVEL = 0;
				GCC_PREPROCESSOR_DEFINITIONS = (
					"DEBUG=1",
					"$(inherited)",
				);
				GCC_WARN_64_TO_32_BIT_CONVERSION = YES;
				GCC_WARN_ABOUT_RETURN_TYPE = YES_ERROR;
				GCC_WARN_UNDECLARED_SELECTOR = YES;
				GCC_WARN_UNINITIALIZED_AUTOS = YES_AGGRESSIVE;
				GCC_WARN_UNUSED_FUNCTION = YES;
				GCC_WARN_UNUSED_VARIABLE = YES;
				IPHONEOS_DEPLOYMENT_TARGET = 15.4;
				MTL_ENABLE_DEBUG_INFO = INCLUDE_SOURCE;
				MTL_FAST_MATH = YES;
				ONLY_ACTIVE_ARCH = YES;
				SDKROOT = iphoneos;
				SWIFT_ACTIVE_COMPILATION_CONDITIONS = DEBUG;
				SWIFT_OPTIMIZATION_LEVEL = "-Onone";
			};
			name = Debug;
		};
		76A6D43D2807364B007DFEF7 /* Release */ = {
			isa = XCBuildConfiguration;
			buildSettings = {
				ALWAYS_SEARCH_USER_PATHS = NO;
				CLANG_ANALYZER_NONNULL = YES;
				CLANG_ANALYZER_NUMBER_OBJECT_CONVERSION = YES_AGGRESSIVE;
				CLANG_CXX_LANGUAGE_STANDARD = "gnu++17";
				CLANG_ENABLE_MODULES = YES;
				CLANG_ENABLE_OBJC_ARC = YES;
				CLANG_ENABLE_OBJC_WEAK = YES;
				CLANG_WARN_BLOCK_CAPTURE_AUTORELEASING = YES;
				CLANG_WARN_BOOL_CONVERSION = YES;
				CLANG_WARN_COMMA = YES;
				CLANG_WARN_CONSTANT_CONVERSION = YES;
				CLANG_WARN_DEPRECATED_OBJC_IMPLEMENTATIONS = YES;
				CLANG_WARN_DIRECT_OBJC_ISA_USAGE = YES_ERROR;
				CLANG_WARN_DOCUMENTATION_COMMENTS = YES;
				CLANG_WARN_EMPTY_BODY = YES;
				CLANG_WARN_ENUM_CONVERSION = YES;
				CLANG_WARN_INFINITE_RECURSION = YES;
				CLANG_WARN_INT_CONVERSION = YES;
				CLANG_WARN_NON_LITERAL_NULL_CONVERSION = YES;
				CLANG_WARN_OBJC_IMPLICIT_RETAIN_SELF = YES;
				CLANG_WARN_OBJC_LITERAL_CONVERSION = YES;
				CLANG_WARN_OBJC_ROOT_CLASS = YES_ERROR;
				CLANG_WARN_QUOTED_INCLUDE_IN_FRAMEWORK_HEADER = YES;
				CLANG_WARN_RANGE_LOOP_ANALYSIS = YES;
				CLANG_WARN_STRICT_PROTOTYPES = YES;
				CLANG_WARN_SUSPICIOUS_MOVE = YES;
				CLANG_WARN_UNGUARDED_AVAILABILITY = YES_AGGRESSIVE;
				CLANG_WARN_UNREACHABLE_CODE = YES;
				CLANG_WARN__DUPLICATE_METHOD_MATCH = YES;
				COPY_PHASE_STRIP = NO;
				DEBUG_INFORMATION_FORMAT = "dwarf-with-dsym";
				ENABLE_NS_ASSERTIONS = NO;
				ENABLE_STRICT_OBJC_MSGSEND = YES;
				GCC_C_LANGUAGE_STANDARD = gnu11;
				GCC_NO_COMMON_BLOCKS = YES;
				GCC_WARN_64_TO_32_BIT_CONVERSION = YES;
				GCC_WARN_ABOUT_RETURN_TYPE = YES_ERROR;
				GCC_WARN_UNDECLARED_SELECTOR = YES;
				GCC_WARN_UNINITIALIZED_AUTOS = YES_AGGRESSIVE;
				GCC_WARN_UNUSED_FUNCTION = YES;
				GCC_WARN_UNUSED_VARIABLE = YES;
				IPHONEOS_DEPLOYMENT_TARGET = 15.4;
				MTL_ENABLE_DEBUG_INFO = NO;
				MTL_FAST_MATH = YES;
				SDKROOT = iphoneos;
				SWIFT_COMPILATION_MODE = wholemodule;
				SWIFT_OPTIMIZATION_LEVEL = "-O";
				VALIDATE_PRODUCT = YES;
			};
			name = Release;
		};
		76A6D43F2807364B007DFEF7 /* Debug */ = {
			isa = XCBuildConfiguration;
			baseConfigurationReference = 0D06DF2773FCA11D87FC7B75 /* Pods-AnimateHomeWorc.debug.xcconfig */;
			buildSettings = {
				ASSETCATALOG_COMPILER_APPICON_NAME = AppIcon;
				ASSETCATALOG_COMPILER_GLOBAL_ACCENT_COLOR_NAME = AccentColor;
				CODE_SIGN_STYLE = Automatic;
				CURRENT_PROJECT_VERSION = 1;
				DEVELOPMENT_TEAM = N85MKK397C;
				GENERATE_INFOPLIST_FILE = YES;
				INFOPLIST_FILE = AnimateHomeWorc/App/Info.plist;
				INFOPLIST_KEY_UIApplicationSupportsIndirectInputEvents = YES;
				INFOPLIST_KEY_UILaunchStoryboardName = LaunchScreen;
				INFOPLIST_KEY_UIMainStoryboardFile = Main;
				INFOPLIST_KEY_UISupportedInterfaceOrientations = UIInterfaceOrientationPortrait;
				INFOPLIST_KEY_UISupportedInterfaceOrientations_iPad = "UIInterfaceOrientationPortrait UIInterfaceOrientationPortraitUpsideDown UIInterfaceOrientationLandscapeLeft UIInterfaceOrientationLandscapeRight";
				INFOPLIST_KEY_UISupportedInterfaceOrientations_iPhone = "UIInterfaceOrientationPortrait UIInterfaceOrientationLandscapeLeft UIInterfaceOrientationLandscapeRight";
				LD_RUNPATH_SEARCH_PATHS = (
					"$(inherited)",
					"@executable_path/Frameworks",
				);
				MARKETING_VERSION = 1.0;
				PRODUCT_BUNDLE_IDENTIFIER = max.AnimateHomeWorc;
				PRODUCT_NAME = "$(TARGET_NAME)";
				SWIFT_EMIT_LOC_STRINGS = YES;
				SWIFT_VERSION = 5.0;
				TARGETED_DEVICE_FAMILY = 1;
			};
			name = Debug;
		};
		76A6D4402807364B007DFEF7 /* Release */ = {
			isa = XCBuildConfiguration;
			baseConfigurationReference = F55C603FC7DBE7A725A4F6C5 /* Pods-AnimateHomeWorc.release.xcconfig */;
			buildSettings = {
				ASSETCATALOG_COMPILER_APPICON_NAME = AppIcon;
				ASSETCATALOG_COMPILER_GLOBAL_ACCENT_COLOR_NAME = AccentColor;
				CODE_SIGN_STYLE = Automatic;
				CURRENT_PROJECT_VERSION = 1;
				DEVELOPMENT_TEAM = N85MKK397C;
				GENERATE_INFOPLIST_FILE = YES;
				INFOPLIST_FILE = AnimateHomeWorc/App/Info.plist;
				INFOPLIST_KEY_UIApplicationSupportsIndirectInputEvents = YES;
				INFOPLIST_KEY_UILaunchStoryboardName = LaunchScreen;
				INFOPLIST_KEY_UIMainStoryboardFile = Main;
				INFOPLIST_KEY_UISupportedInterfaceOrientations = UIInterfaceOrientationPortrait;
				INFOPLIST_KEY_UISupportedInterfaceOrientations_iPad = "UIInterfaceOrientationPortrait UIInterfaceOrientationPortraitUpsideDown UIInterfaceOrientationLandscapeLeft UIInterfaceOrientationLandscapeRight";
				INFOPLIST_KEY_UISupportedInterfaceOrientations_iPhone = "UIInterfaceOrientationPortrait UIInterfaceOrientationLandscapeLeft UIInterfaceOrientationLandscapeRight";
				LD_RUNPATH_SEARCH_PATHS = (
					"$(inherited)",
					"@executable_path/Frameworks",
				);
				MARKETING_VERSION = 1.0;
				PRODUCT_BUNDLE_IDENTIFIER = max.AnimateHomeWorc;
				PRODUCT_NAME = "$(TARGET_NAME)";
				SWIFT_EMIT_LOC_STRINGS = YES;
				SWIFT_VERSION = 5.0;
				TARGETED_DEVICE_FAMILY = 1;
			};
			name = Release;
		};
/* End XCBuildConfiguration section */

/* Begin XCConfigurationList section */
		76A6D42528073649007DFEF7 /* Build configuration list for PBXProject "AnimateHomeWorc" */ = {
			isa = XCConfigurationList;
			buildConfigurations = (
				76A6D43C2807364B007DFEF7 /* Debug */,
				76A6D43D2807364B007DFEF7 /* Release */,
			);
			defaultConfigurationIsVisible = 0;
			defaultConfigurationName = Release;
		};
		76A6D43E2807364B007DFEF7 /* Build configuration list for PBXNativeTarget "AnimateHomeWorc" */ = {
			isa = XCConfigurationList;
			buildConfigurations = (
				76A6D43F2807364B007DFEF7 /* Debug */,
				76A6D4402807364B007DFEF7 /* Release */,
			);
			defaultConfigurationIsVisible = 0;
			defaultConfigurationName = Release;
		};
/* End XCConfigurationList section */
	};
	rootObject = 76A6D42228073649007DFEF7 /* Project object */;
}
